
Microsoft Visual Studio Solution File, Format Version 12.00
# Visual Studio 15
VisualStudioVersion = 15.0.28307.1169
MinimumVisualStudioVersion = 10.0.40219.1
Project("{FAE04EC0-301F-11D3-BF4B-00C04F79EFBC}") = "MVC 17 Git Test", "MVC 17 Git Test\MVC 17 Git Test.csproj", "{A918041B-C492-4896-91C5-696093E4D50B}"
EndProject
Project("{FAE04EC0-301F-11D3-BF4B-00C04F79EFBC}") = "BOL", "BOL\BOL.csproj", "{564C5DC6-D1B2-46A8-A892-D731C97590EE}"
EndProject
Project("{FAE04EC0-301F-11D3-BF4B-00C04F79EFBC}") = "BLL", "BLL\BLL.csproj", "{EF7E2B2F-BB26-4026-A72E-F68A2AED51C6}"
EndProject
Project("{FAE04EC0-301F-11D3-BF4B-00C04F79EFBC}") = "DAL", "DAL\DAL.csproj", "{F6CEB21B-5CB9-40D4-91A2-D2F30BB66F63}"
EndProject
Global
	GlobalSection(SolutionConfigurationPlatforms) = preSolution
		Debug|Any CPU = Debug|Any CPU
		Debug|ARM = Debug|ARM
		Debug|ARM64 = Debug|ARM64
		Debug|x64 = Debug|x64
		Debug|x86 = Debug|x86
		Release|Any CPU = Release|Any CPU
		Release|ARM = Release|ARM
		Release|ARM64 = Release|ARM64
		Release|x64 = Release|x64
		Release|x86 = Release|x86
	EndGlobalSection
	GlobalSection(ProjectConfigurationPlatforms) = postSolution
		{A918041B-C492-4896-91C5-696093E4D50B}.Debug|Any CPU.ActiveCfg = Debug|Any CPU
		{A918041B-C492-4896-91C5-696093E4D50B}.Debug|Any CPU.Build.0 = Debug|Any CPU
		{A918041B-C492-4896-91C5-696093E4D50B}.Debug|ARM.ActiveCfg = Debug|Any CPU
		{A918041B-C492-4896-91C5-696093E4D50B}.Debug|ARM.Build.0 = Debug|Any CPU
		{A918041B-C492-4896-91C5-696093E4D50B}.Debug|ARM64.ActiveCfg = Debug|Any CPU
		{A918041B-C492-4896-91C5-696093E4D50B}.Debug|ARM64.Build.0 = Debug|Any CPU
		{A918041B-C492-4896-91C5-696093E4D50B}.Debug|x64.ActiveCfg = Debug|Any CPU
		{A918041B-C492-4896-91C5-696093E4D50B}.Debug|x64.Build.0 = Debug|Any CPU
		{A918041B-C492-4896-91C5-696093E4D50B}.Debug|x86.ActiveCfg = Debug|Any CPU
		{A918041B-C492-4896-91C5-696093E4D50B}.Debug|x86.Build.0 = Debug|Any CPU
		{A918041B-C492-4896-91C5-696093E4D50B}.Release|Any CPU.ActiveCfg = Release|Any CPU
		{A918041B-C492-4896-91C5-696093E4D50B}.Release|Any CPU.Build.0 = Release|Any CPU
		{A918041B-C492-4896-91C5-696093E4D50B}.Release|ARM.ActiveCfg = Release|Any CPU
		{A918041B-C492-4896-91C5-696093E4D50B}.Release|ARM.Build.0 = Release|Any CPU
		{A918041B-C492-4896-91C5-696093E4D50B}.Release|ARM64.ActiveCfg = Release|Any CPU
		{A918041B-C492-4896-91C5-696093E4D50B}.Release|ARM64.Build.0 = Release|Any CPU
		{A918041B-C492-4896-91C5-696093E4D50B}.Release|x64.ActiveCfg = Release|Any CPU
		{A918041B-C492-4896-91C5-696093E4D50B}.Release|x64.Build.0 = Release|Any CPU
		{A918041B-C492-4896-91C5-696093E4D50B}.Release|x86.ActiveCfg = Release|Any CPU
		{A918041B-C492-4896-91C5-696093E4D50B}.Release|x86.Build.0 = Release|Any CPU
		{564C5DC6-D1B2-46A8-A892-D731C97590EE}.Debug|Any CPU.ActiveCfg = Debug|Any CPU
		{564C5DC6-D1B2-46A8-A892-D731C97590EE}.Debug|Any CPU.Build.0 = Debug|Any CPU
		{564C5DC6-D1B2-46A8-A892-D731C97590EE}.Debug|ARM.ActiveCfg = Debug|Any CPU
		{564C5DC6-D1B2-46A8-A892-D731C97590EE}.Debug|ARM.Build.0 = Debug|Any CPU
		{564C5DC6-D1B2-46A8-A892-D731C97590EE}.Debug|ARM64.ActiveCfg = Debug|Any CPU
		{564C5DC6-D1B2-46A8-A892-D731C97590EE}.Debug|ARM64.Build.0 = Debug|Any CPU
		{564C5DC6-D1B2-46A8-A892-D731C97590EE}.Debug|x64.ActiveCfg = Debug|Any CPU
		{564C5DC6-D1B2-46A8-A892-D731C97590EE}.Debug|x64.Build.0 = Debug|Any CPU
		{564C5DC6-D1B2-46A8-A892-D731C97590EE}.Debug|x86.ActiveCfg = Debug|Any CPU
		{564C5DC6-D1B2-46A8-A892-D731C97590EE}.Debug|x86.Build.0 = Debug|Any CPU
		{564C5DC6-D1B2-46A8-A892-D731C97590EE}.Release|Any CPU.ActiveCfg = Release|Any CPU
		{564C5DC6-D1B2-46A8-A892-D731C97590EE}.Release|Any CPU.Build.0 = Release|Any CPU
		{564C5DC6-D1B2-46A8-A892-D731C97590EE}.Release|ARM.ActiveCfg = Release|Any CPU
		{564C5DC6-D1B2-46A8-A892-D731C97590EE}.Release|ARM.Build.0 = Release|Any CPU
		{564C5DC6-D1B2-46A8-A892-D731C97590EE}.Release|ARM64.ActiveCfg = Release|Any CPU
		{564C5DC6-D1B2-46A8-A892-D731C97590EE}.Release|ARM64.Build.0 = Release|Any CPU
		{564C5DC6-D1B2-46A8-A892-D731C97590EE}.Release|x64.ActiveCfg = Release|Any CPU
		{564C5DC6-D1B2-46A8-A892-D731C97590EE}.Release|x64.Build.0 = Release|Any CPU
		{564C5DC6-D1B2-46A8-A892-D731C97590EE}.Release|x86.ActiveCfg = Release|Any CPU
		{564C5DC6-D1B2-46A8-A892-D731C97590EE}.Release|x86.Build.0 = Release|Any CPU
		{EF7E2B2F-BB26-4026-A72E-F68A2AED51C6}.Debug|Any CPU.ActiveCfg = Debug|Any CPU
		{EF7E2B2F-BB26-4026-A72E-F68A2AED51C6}.Debug|Any CPU.Build.0 = Debug|Any CPU
		{EF7E2B2F-BB26-4026-A72E-F68A2AED51C6}.Debug|ARM.ActiveCfg = Debug|Any CPU
		{EF7E2B2F-BB26-4026-A72E-F68A2AED51C6}.Debug|ARM.Build.0 = Debug|Any CPU
		{EF7E2B2F-BB26-4026-A72E-F68A2AED51C6}.Debug|ARM64.ActiveCfg = Debug|Any CPU
		{EF7E2B2F-BB26-4026-A72E-F68A2AED51C6}.Debug|ARM64.Build.0 = Debug|Any CPU
		{EF7E2B2F-BB26-4026-A72E-F68A2AED51C6}.Debug|x64.ActiveCfg = Debug|Any CPU
		{EF7E2B2F-BB26-4026-A72E-F68A2AED51C6}.Debug|x64.Build.0 = Debug|Any CPU
		{EF7E2B2F-BB26-4026-A72E-F68A2AED51C6}.Debug|x86.ActiveCfg = Debug|Any CPU
		{EF7E2B2F-BB26-4026-A72E-F68A2AED51C6}.Debug|x86.Build.0 = Debug|Any CPU
		{EF7E2B2F-BB26-4026-A72E-F68A2AED51C6}.Release|Any CPU.ActiveCfg = Release|Any CPU
		{EF7E2B2F-BB26-4026-A72E-F68A2AED51C6}.Release|Any CPU.Build.0 = Release|Any CPU
		{EF7E2B2F-BB26-4026-A72E-F68A2AED51C6}.Release|ARM.ActiveCfg = Release|Any CPU
		{EF7E2B2F-BB26-4026-A72E-F68A2AED51C6}.Release|ARM.Build.0 = Release|Any CPU
		{EF7E2B2F-BB26-4026-A72E-F68A2AED51C6}.Release|ARM64.ActiveCfg = Release|Any CPU
		{EF7E2B2F-BB26-4026-A72E-F68A2AED51C6}.Release|ARM64.Build.0 = Release|Any CPU
		{EF7E2B2F-BB26-4026-A72E-F68A2AED51C6}.Release|x64.ActiveCfg = Release|Any CPU
		{EF7E2B2F-BB26-4026-A72E-F68A2AED51C6}.Release|x64.Build.0 = Release|Any CPU
		{EF7E2B2F-BB26-4026-A72E-F68A2AED51C6}.Release|x86.ActiveCfg = Release|Any CPU
		{EF7E2B2F-BB26-4026-A72E-F68A2AED51C6}.Release|x86.Build.0 = Release|Any CPU
		{F6CEB21B-5CB9-40D4-91A2-D2F30BB66F63}.Debug|Any CPU.ActiveCfg = Debug|Any CPU
		{F6CEB21B-5CB9-40D4-91A2-D2F30BB66F63}.Debug|Any CPU.Build.0 = Debug|Any CPU
		{F6CEB21B-5CB9-40D4-91A2-D2F30BB66F63}.Debug|ARM.ActiveCfg = Debug|Any CPU
		{F6CEB21B-5CB9-40D4-91A2-D2F30BB66F63}.Debug|ARM.Build.0 = Debug|Any CPU
		{F6CEB21B-5CB9-40D4-91A2-D2F30BB66F63}.Debug|ARM64.ActiveCfg = Debug|Any CPU
		{F6CEB21B-5CB9-40D4-91A2-D2F30BB66F63}.Debug|ARM64.Build.0 = Debug|Any CPU
		{F6CEB21B-5CB9-40D4-91A2-D2F30BB66F63}.Debug|x64.ActiveCfg = Debug|Any CPU
		{F6CEB21B-5CB9-40D4-91A2-D2F30BB66F63}.Debug|x64.Build.0 = Debug|Any CPU
		{F6CEB21B-5CB9-40D4-91A2-D2F30BB66F63}.Debug|x86.ActiveCfg = Debug|Any CPU
		{F6CEB21B-5CB9-40D4-91A2-D2F30BB66F63}.Debug|x86.Build.0 = Debug|Any CPU
		{F6CEB21B-5CB9-40D4-91A2-D2F30BB66F63}.Release|Any CPU.ActiveCfg = Release|Any CPU
		{F6CEB21B-5CB9-40D4-91A2-D2F30BB66F63}.Release|Any CPU.Build.0 = Release|Any CPU
		{F6CEB21B-5CB9-40D4-91A2-D2F30BB66F63}.Release|ARM.ActiveCfg = Release|Any CPU
		{F6CEB21B-5CB9-40D4-91A2-D2F30BB66F63}.Release|ARM.Build.0 = Release|Any CPU
		{F6CEB21B-5CB9-40D4-91A2-D2F30BB66F63}.Release|ARM64.ActiveCfg = Release|Any CPU
		{F6CEB21B-5CB9-40D4-91A2-D2F30BB66F63}.Release|ARM64.Build.0 = Release|Any CPU
		{F6CEB21B-5CB9-40D4-91A2-D2F30BB66F63}.Release|x64.ActiveCfg = Release|Any CPU
		{F6CEB21B-5CB9-40D4-91A2-D2F30BB66F63}.Release|x64.Build.0 = Release|Any CPU
		{F6CEB21B-5CB9-40D4-91A2-D2F30BB66F63}.Release|x86.ActiveCfg = Release|Any CPU
		{F6CEB21B-5CB9-40D4-91A2-D2F30BB66F63}.Release|x86.Build.0 = Release|Any CPU
	EndGlobalSection
	GlobalSection(SolutionProperties) = preSolution
		HideSolutionNode = FALSE
	EndGlobalSection
	GlobalSection(ExtensibilityGlobals) = postSolution
		SolutionGuid = {B7194444-0BC6-4B70-BCFA-608CD9467A1E}
	EndGlobalSection
EndGlobal
