
Microsoft Visual Studio Solution File, Format Version 12.00
# Visual Studio 15
VisualStudioVersion = 15.0.28307.1169
MinimumVisualStudioVersion = 10.0.40219.1
Project("{FAE04EC0-301F-11D3-BF4B-00C04F79EFBC}") = "MVC 17 Git Test", "MVC 17 Git Test\MVC 17 Git Test.csproj", "{A918041B-C492-4896-91C5-696093E4D50B}"
EndProject
Global
	GlobalSection(SolutionConfigurationPlatforms) = preSolution
		Debug|Any CPU = Debug|Any CPU
		Release|Any CPU = Release|Any CPU
	EndGlobalSection
	GlobalSection(ProjectConfigurationPlatforms) = postSolution
		{A918041B-C492-4896-91C5-696093E4D50B}.Debug|Any CPU.ActiveCfg = Debug|Any CPU
		{A918041B-C492-4896-91C5-696093E4D50B}.Debug|Any CPU.Build.0 = Debug|Any CPU
		{A918041B-C492-4896-91C5-696093E4D50B}.Release|Any CPU.ActiveCfg = Release|Any CPU
		{A918041B-C492-4896-91C5-696093E4D50B}.Release|Any CPU.Build.0 = Release|Any CPU
	EndGlobalSection
	GlobalSection(SolutionProperties) = preSolution
		HideSolutionNode = FALSE
	EndGlobalSection
	GlobalSection(ExtensibilityGlobals) = postSolution
		SolutionGuid = {B7194444-0BC6-4B70-BCFA-608CD9467A1E}
	EndGlobalSection
EndGlobal
